<?xml version="1.0" encoding="utf-8"?>
<Project ToolsVersion="4.0" xmlns="http://schemas.microsoft.com/developer/msbuild/2003">
  <ItemGroup>
    <Filter Include="소스 파일">
      <UniqueIdentifier>{4FC737F1-C7A5-4376-A066-2A32D752A2FF}</UniqueIdentifier>
      <Extensions>cpp;c;cc;cxx;c++;cppm;ixx;def;odl;idl;hpj;bat;asm;asmx</Extensions>
    </Filter>
    <Filter Include="헤더 파일">
      <UniqueIdentifier>{93995380-89BD-4b04-88EB-625FBE52EBFB}</UniqueIdentifier>
      <Extensions>h;hh;hpp;hxx;h++;hm;inl;inc;ipp;xsd</Extensions>
    </Filter>
    <Filter Include="리소스 파일">
      <UniqueIdentifier>{67DA6AB6-F800-4c08-8B7A-83BB121AAD01}</UniqueIdentifier>
      <Extensions>rc;ico;cur;bmp;dlg;rc2;rct;bin;rgs;gif;jpg;jpeg;jpe;resx;tiff;tif;png;wav;mfcribbon-ms</Extensions>
    </Filter>
    <Filter Include="리소스 파일\UI">
      <UniqueIdentifier>{5c0aee9c-5c01-4863-b7e9-c13e4aaefa73}</UniqueIdentifier>
    </Filter>
    <Filter Include="리소스 파일\TalkText">
      <UniqueIdentifier>{bc04d96f-efde-4664-b256-9d75744a0f65}</UniqueIdentifier>
    </Filter>
    <Filter Include="리소스 파일\Background">
      <UniqueIdentifier>{dfd573e8-75e8-4dc1-a64c-70ee40f92074}</UniqueIdentifier>
    </Filter>
    <Filter Include="리소스 파일\Character">
      <UniqueIdentifier>{67d335fb-db6d-45ab-9e7e-1f18f3fbb7b0}</UniqueIdentifier>
    </Filter>
    <Filter Include="리소스 파일\Sound">
      <UniqueIdentifier>{9055e061-28df-48aa-83da-8bbb66b6f130}</UniqueIdentifier>
    </Filter>
    <Filter Include="리소스 파일\Sound\BGM">
      <UniqueIdentifier>{f82ae761-f777-487e-ad77-091186200536}</UniqueIdentifier>
    </Filter>
    <Filter Include="리소스 파일\Sound\SFX">
      <UniqueIdentifier>{050a2ddb-2d1f-4d46-86d0-6392f27814be}</UniqueIdentifier>
    </Filter>
  </ItemGroup>
  <ItemGroup>
    <ClCompile Include="console.cpp">
      <Filter>소스 파일</Filter>
    </ClCompile>
    <ClCompile Include="Mci.cpp">
      <Filter>소스 파일</Filter>
    </ClCompile>
    <ClCompile Include="Main.cpp">
      <Filter>소스 파일</Filter>
    </ClCompile>
    <ClCompile Include="GameLogic.cpp">
      <Filter>소스 파일</Filter>
    </ClCompile>
    <ClCompile Include="UI.cpp">
      <Filter>소스 파일</Filter>
    </ClCompile>
    <ClCompile Include="GameData.cpp">
      <Filter>소스 파일</Filter>
    </ClCompile>
    <ClCompile Include="UIManager.cpp">
      <Filter>소스 파일</Filter>
    </ClCompile>
    <ClCompile Include="GameScene.cpp">
      <Filter>소스 파일</Filter>
    </ClCompile>
    <ClCompile Include="stringExtension.cpp">
      <Filter>소스 파일</Filter>
    </ClCompile>
    <ClCompile Include="TextController.cpp">
      <Filter>소스 파일</Filter>
    </ClCompile>
  </ItemGroup>
  <ItemGroup>
    <ClInclude Include="console.h">
      <Filter>헤더 파일</Filter>
    </ClInclude>
    <ClInclude Include="Mci.h">
      <Filter>헤더 파일</Filter>
    </ClInclude>
    <ClInclude Include="TitleScene.h">
      <Filter>헤더 파일</Filter>
    </ClInclude>
    <ClInclude Include="GameLogic.h">
      <Filter>헤더 파일</Filter>
    </ClInclude>
    <ClInclude Include="UI.h">
      <Filter>헤더 파일</Filter>
    </ClInclude>
    <ClInclude Include="GameData.h">
      <Filter>헤더 파일</Filter>
    </ClInclude>
    <ClInclude Include="UIManager.h">
      <Filter>헤더 파일</Filter>
    </ClInclude>
    <ClInclude Include="GameScene.h">
      <Filter>헤더 파일</Filter>
    </ClInclude>
    <ClInclude Include="stringExtension.h">
      <Filter>헤더 파일</Filter>
    </ClInclude>
    <ClInclude Include="TextController.h">
      <Filter>헤더 파일</Filter>
    </ClInclude>
  </ItemGroup>
  <ItemGroup>
    <Text Include="UI\GamePanel.txt">
      <Filter>리소스 파일\UI</Filter>
    </Text>
    <Text Include="TalkText\TalkText.txt">
      <Filter>리소스 파일\TalkText</Filter>
    </Text>
    <Text Include="Character\Character.txt">
      <Filter>리소스 파일\Character</Filter>
    </Text>
    <Text Include="C:\Users\USER\OneDrive\바탕 화면\Girl1.txt">
      <Filter>리소스 파일\Character</Filter>
    </Text>
  </ItemGroup>
  <ItemGroup>
    <Media Include="C:\Users\USER\Downloads\Anxiety Rise 2.mp3">
      <Filter>리소스 파일\Sound\SFX</Filter>
    </Media>
    <Media Include="C:\Users\USER\Downloads\Car Door Close Outside.mp3">
      <Filter>리소스 파일\Sound\SFX</Filter>
    </Media>
  </ItemGroup>
</Project>